PODS:
  - Capacitor (1.0.0-beta.7):
    - CapacitorCordova (= 1.0.0-beta.7)
    - GCDWebServer (~> 3.0)
  - CapacitorCordova (1.0.0-beta.7)
  - GCDWebServer (3.4.2):
    - GCDWebServer/Core (= 3.4.2)
  - GCDWebServer/Core (3.4.2)
  - TeamhiveCapacitorEmail (0.0.1):
    - Capacitor

DEPENDENCIES:
  - "Capacitor (from `../../node_modules/@capacitor/ios`)"
  - "CapacitorCordova (from `../../node_modules/@capacitor/ios`)"
  - "TeamhiveCapacitorEmail (from `/Users/triniwiz/Documents/projects/plugins/capacitor/capacitor-email/demo/node_modules/@teamhive/capacitor-email`)"

SPEC REPOS:
  https://github.com/cocoapods/specs.git:
    - GCDWebServer

EXTERNAL SOURCES:
  Capacitor:
    :path: "../../node_modules/@capacitor/ios"
  CapacitorCordova:
    :path: "../../node_modules/@capacitor/ios"
  TeamhiveCapacitorEmail:
    :path: "/Users/triniwiz/Documents/projects/plugins/capacitor/capacitor-email/demo/node_modules/@teamhive/capacitor-email"

SPEC CHECKSUMS:
  Capacitor: 9ac2a5280a36cac49f834d692a6cd92ebb40bf20
  CapacitorCordova: 7e499cf9d764cdc8958858065d3feacd53793ae5
  GCDWebServer: 8d67ee9f634b4bb91eb4b8aee440318a5fc6debd
  TeamhiveCapacitorEmail: 6e9c9bb2922e0e314da44eb0f47a46a14b7f5970

PODFILE CHECKSUM: eb963fef9ff1db5092e45b8c777eaa6122b2dd48

COCOAPODS: 1.5.3
